{
  "name": "bits",
  "version": "1.0.0",
  "lockfileVersion": 1,
  "requires": true,
  "dependencies": {
    "@iammadab/terminaljs": {
      "version": "2.4.2",
      "resolved": "https://registry.npmjs.org/@iammadab/terminaljs/-/terminaljs-2.4.2.tgz",
      "integrity": "sha512-lBkAEVe+DM//zksi/4xJ2nKrfnNk4HwDyAQzi3Sl7R/KNLreivWUKpD7AOGmDLgLM/5dhXrS+nWkY9z9ITr5Nw=="
    }
  }
}
